
Microsoft Visual Studio Solution File, Format Version 11.00
# Visual Studio 2010
Project("{FAE04EC0-301F-11D3-BF4B-00C04F79EFBC}") = "AugmentedRealityLego", "Assembly-CSharp.csproj", "{99DE457E-8139-F31C-83E0-F799E5E199CE}"
EndProject
Project("{FAE04EC0-301F-11D3-BF4B-00C04F79EFBC}") = "AugmentedRealityLego", "Assembly-CSharp-Editor.csproj", "{90304A13-5263-9C91-34CB-2FD4BB9C4E46}"
EndProject
Global
	GlobalSection(SolutionConfigurationPlatforms) = preSolution
		Debug|Any CPU = Debug|Any CPU
		Release|Any CPU = Release|Any CPU
	EndGlobalSection
	GlobalSection(ProjectConfigurationPlatforms) = postSolution
		{99DE457E-8139-F31C-83E0-F799E5E199CE}.Debug|Any CPU.ActiveCfg = Debug|Any CPU
		{99DE457E-8139-F31C-83E0-F799E5E199CE}.Debug|Any CPU.Build.0 = Debug|Any CPU
		{99DE457E-8139-F31C-83E0-F799E5E199CE}.Release|Any CPU.ActiveCfg = Release|Any CPU
		{99DE457E-8139-F31C-83E0-F799E5E199CE}.Release|Any CPU.Build.0 = Release|Any CPU
		{90304A13-5263-9C91-34CB-2FD4BB9C4E46}.Debug|Any CPU.ActiveCfg = Debug|Any CPU
		{90304A13-5263-9C91-34CB-2FD4BB9C4E46}.Debug|Any CPU.Build.0 = Debug|Any CPU
		{90304A13-5263-9C91-34CB-2FD4BB9C4E46}.Release|Any CPU.ActiveCfg = Release|Any CPU
		{90304A13-5263-9C91-34CB-2FD4BB9C4E46}.Release|Any CPU.Build.0 = Release|Any CPU
	EndGlobalSection
	GlobalSection(SolutionProperties) = preSolution
		HideSolutionNode = FALSE
	EndGlobalSection
	GlobalSection(MonoDevelopProperties) = preSolution
		StartupItem = Assembly-CSharp.csproj
	EndGlobalSection
EndGlobal
